# This file is automatically @generated by Cargo.
# It is not intended for manual editing.
version = 3

[[package]]
name = "localnas"
version = "1.0.0"
dependencies = [
 "thread",
]

[[package]]
name = "thread"
version = "0.1.0"
source = "registry+https://github.com/rust-lang/crates.io-index"
checksum = "afe9c0e959dd1e7b871071b51bc674380d1889cd4fed9f4b3b1f5c1772d9f796"
